// !$*UTF8*$!
{
	archiveVersion = 1;
	classes = {
	};
	objectVersion = 46;
	objects = {

/* Begin PBXGroup section */
		747DBBE41D1D83EC00AB49F5 = {
			isa = PBXGroup;
			children = (
			);
			sourceTree = "<group>";
		};
/* End PBXGroup section */

/* Begin PBXProject section */
		747DBBE51D1D83EC00AB49F5 /* Project object */ = {
			isa = PBXProject;
			attributes = {
				LastUpgradeCheck = 0730;
			};
			buildConfigurationList = 747DBBE81D1D83EC00AB49F5 /* Build configuration list for PBXProject "LektorLib" */;
			compatibilityVersion = "Xcode 3.2";
			developmentRegion = English;
			hasScannedForEncodings = 0;
			knownRegions = (
				en,
			);
			mainGroup = 747DBBE41D1D83EC00AB49F5;
			projectDirPath = "";
			projectRoot = "";
			targets = (
			);
		};
/* End PBXProject section */

/* Begin XCBuildConfiguration section */
		747DBBE91D1D83EC00AB49F5 /* Debug */ = {
			isa = XCBuildConfiguration;
			buildSettings = {
			};
			name = Debug;
		};
		747DBBEA1D1D83EC00AB49F5 /* Release */ = {
			isa = XCBuildConfiguration;
			buildSettings = {
			};
			name = Release;
		};
/* End XCBuildConfiguration section */

/* Begin XCConfigurationList section */
		747DBBE81D1D83EC00AB49F5 /* Build configuration list for PBXProject "LektorLib" */ = {
			isa = XCConfigurationList;
			buildConfigurations = (
				747DBBE91D1D83EC00AB49F5 /* Debug */,
				747DBBEA1D1D83EC00AB49F5 /* Release */,
			);
			defaultConfigurationIsVisible = 0;
			defaultConfigurationName = Release;
		};
/* End XCConfigurationList section */
	};
	rootObject = 747DBBE51D1D83EC00AB49F5 /* Project object */;
}
